
Microsoft Visual Studio Solution File, Format Version 12.00
# Visual Studio Version 17
VisualStudioVersion = 17.6.33815.320
MinimumVisualStudioVersion = 10.0.40219.1
Project("{FAE04EC0-301F-11D3-BF4B-00C04F79EFBC}") = "Asssignment-22", "Asssignment-22\Asssignment-22.csproj", "{400EB6FC-D7F0-4066-9897-B6D99FAD810D}"
EndProject
Global
	GlobalSection(SolutionConfigurationPlatforms) = preSolution
		Debug|Any CPU = Debug|Any CPU
		Release|Any CPU = Release|Any CPU
	EndGlobalSection
	GlobalSection(ProjectConfigurationPlatforms) = postSolution
		{400EB6FC-D7F0-4066-9897-B6D99FAD810D}.Debug|Any CPU.ActiveCfg = Debug|Any CPU
		{400EB6FC-D7F0-4066-9897-B6D99FAD810D}.Debug|Any CPU.Build.0 = Debug|Any CPU
		{400EB6FC-D7F0-4066-9897-B6D99FAD810D}.Release|Any CPU.ActiveCfg = Release|Any CPU
		{400EB6FC-D7F0-4066-9897-B6D99FAD810D}.Release|Any CPU.Build.0 = Release|Any CPU
	EndGlobalSection
	GlobalSection(SolutionProperties) = preSolution
		HideSolutionNode = FALSE
	EndGlobalSection
	GlobalSection(ExtensibilityGlobals) = postSolution
		SolutionGuid = {5F53EC65-6C89-451A-A0E4-64B4D8F19818}
	EndGlobalSection
EndGlobal
